
Microsoft Visual Studio Solution File, Format Version 12.00
# Visual Studio Version 16
VisualStudioVersion = 16.0.29920.165
MinimumVisualStudioVersion = 10.0.40219.1
Project("{FAE04EC0-301F-11D3-BF4B-00C04F79EFBC}") = "Atividade2", "Atividade2\Atividade2.csproj", "{B37FAF6A-B22B-47BB-B8A2-76CC20EE2382}"
EndProject
Global
	GlobalSection(SolutionConfigurationPlatforms) = preSolution
		Debug|Any CPU = Debug|Any CPU
		Release|Any CPU = Release|Any CPU
	EndGlobalSection
	GlobalSection(ProjectConfigurationPlatforms) = postSolution
		{B37FAF6A-B22B-47BB-B8A2-76CC20EE2382}.Debug|Any CPU.ActiveCfg = Debug|Any CPU
		{B37FAF6A-B22B-47BB-B8A2-76CC20EE2382}.Debug|Any CPU.Build.0 = Debug|Any CPU
		{B37FAF6A-B22B-47BB-B8A2-76CC20EE2382}.Release|Any CPU.ActiveCfg = Release|Any CPU
		{B37FAF6A-B22B-47BB-B8A2-76CC20EE2382}.Release|Any CPU.Build.0 = Release|Any CPU
	EndGlobalSection
	GlobalSection(SolutionProperties) = preSolution
		HideSolutionNode = FALSE
	EndGlobalSection
	GlobalSection(ExtensibilityGlobals) = postSolution
		SolutionGuid = {A57B0CFE-BA60-409B-B371-E6BA26B2709D}
	EndGlobalSection
EndGlobal
